
Microsoft Visual Studio Solution File, Format Version 12.00
# Visual Studio 15
VisualStudioVersion = 15.0.27703.2018
MinimumVisualStudioVersion = 10.0.40219.1
Project("{FAE04EC0-301F-11D3-BF4B-00C04F79EFBC}") = "GDG Bot", "GDG Bot\GDG Bot.csproj", "{6534F00D-98B5-4138-925F-5EBE54E6085B}"
EndProject
Global
	GlobalSection(SolutionConfigurationPlatforms) = preSolution
		Debug|Any CPU = Debug|Any CPU
		Release|Any CPU = Release|Any CPU
	EndGlobalSection
	GlobalSection(ProjectConfigurationPlatforms) = postSolution
		{6534F00D-98B5-4138-925F-5EBE54E6085B}.Debug|Any CPU.ActiveCfg = Debug|Any CPU
		{6534F00D-98B5-4138-925F-5EBE54E6085B}.Debug|Any CPU.Build.0 = Debug|Any CPU
		{6534F00D-98B5-4138-925F-5EBE54E6085B}.Release|Any CPU.ActiveCfg = Release|Any CPU
		{6534F00D-98B5-4138-925F-5EBE54E6085B}.Release|Any CPU.Build.0 = Release|Any CPU
	EndGlobalSection
	GlobalSection(SolutionProperties) = preSolution
		HideSolutionNode = FALSE
	EndGlobalSection
	GlobalSection(ExtensibilityGlobals) = postSolution
		SolutionGuid = {4B8AF98F-AE17-439A-8728-DA628A37A866}
	EndGlobalSection
EndGlobal
